
Microsoft Visual Studio Solution File, Format Version 12.00
# Visual Studio Version 16
VisualStudioVersion = 16.0.30907.101
MinimumVisualStudioVersion = 10.0.40219.1
Project("{FAE04EC0-301F-11D3-BF4B-00C04F79EFBC}") = "TesteTecnico_GFT", "TesteTecnico_GFT\TesteTecnico_GFT.csproj", "{6AD1A143-B73B-41A2-8BEE-245485E920FE}"
EndProject
Project("{FAE04EC0-301F-11D3-BF4B-00C04F79EFBC}") = "Produtos", "Produtos\Produtos.csproj", "{A42D3DAA-D629-4E9D-8B1C-FE6015986916}"
EndProject
Global
	GlobalSection(SolutionConfigurationPlatforms) = preSolution
		Debug|Any CPU = Debug|Any CPU
		Release|Any CPU = Release|Any CPU
	EndGlobalSection
	GlobalSection(ProjectConfigurationPlatforms) = postSolution
		{6AD1A143-B73B-41A2-8BEE-245485E920FE}.Debug|Any CPU.ActiveCfg = Debug|Any CPU
		{6AD1A143-B73B-41A2-8BEE-245485E920FE}.Debug|Any CPU.Build.0 = Debug|Any CPU
		{6AD1A143-B73B-41A2-8BEE-245485E920FE}.Release|Any CPU.ActiveCfg = Release|Any CPU
		{6AD1A143-B73B-41A2-8BEE-245485E920FE}.Release|Any CPU.Build.0 = Release|Any CPU
		{A42D3DAA-D629-4E9D-8B1C-FE6015986916}.Debug|Any CPU.ActiveCfg = Debug|Any CPU
		{A42D3DAA-D629-4E9D-8B1C-FE6015986916}.Debug|Any CPU.Build.0 = Debug|Any CPU
		{A42D3DAA-D629-4E9D-8B1C-FE6015986916}.Release|Any CPU.ActiveCfg = Release|Any CPU
		{A42D3DAA-D629-4E9D-8B1C-FE6015986916}.Release|Any CPU.Build.0 = Release|Any CPU
	EndGlobalSection
	GlobalSection(SolutionProperties) = preSolution
		HideSolutionNode = FALSE
	EndGlobalSection
	GlobalSection(ExtensibilityGlobals) = postSolution
		SolutionGuid = {0CC96179-81CA-4493-B3FA-C234EA046A9E}
	EndGlobalSection
EndGlobal
